
Microsoft Visual Studio Solution File, Format Version 12.00
# Visual Studio Version 17
VisualStudioVersion = 17.0.31903.59
MinimumVisualStudioVersion = 10.0.40219.1
Project("{2150E333-8FDC-42A3-9474-1A3956D46DE8}") = "backend", "backend", "{827E0CD3-B72D-47B6-A68D-7590B98EB39B}"
EndProject
Project("{FAE04EC0-301F-11D3-BF4B-00C04F79EFBC}") = "PriceMate.Domain", "backend\PriceMate.Domain\PriceMate.Domain.csproj", "{EB53ED60-BF77-4B77-9ABF-A25642FD1515}"
EndProject
Project("{FAE04EC0-301F-11D3-BF4B-00C04F79EFBC}") = "PriceMate.Application", "backend\PriceMate.Application\PriceMate.Application.csproj", "{27672D9F-2DE2-41A0-87BF-D76CC9FF0F93}"
EndProject
Project("{FAE04EC0-301F-11D3-BF4B-00C04F79EFBC}") = "PriceMate.Infrastructure", "backend\PriceMate.Infrastructure\PriceMate.Infrastructure.csproj", "{6F8D0DC4-EAA3-4841-BC41-BED783605879}"
EndProject
Project("{FAE04EC0-301F-11D3-BF4B-00C04F79EFBC}") = "PriceMate.API", "backend\PriceMate.API\PriceMate.API.csproj", "{D9DDEAA6-02ED-486C-A407-95D9BD1BB3A4}"
EndProject
Global
	GlobalSection(SolutionConfigurationPlatforms) = preSolution
		Debug|Any CPU = Debug|Any CPU
		Debug|x64 = Debug|x64
		Debug|x86 = Debug|x86
		Release|Any CPU = Release|Any CPU
		Release|x64 = Release|x64
		Release|x86 = Release|x86
	EndGlobalSection
	GlobalSection(ProjectConfigurationPlatforms) = postSolution
		{EB53ED60-BF77-4B77-9ABF-A25642FD1515}.Debug|Any CPU.ActiveCfg = Debug|Any CPU
		{EB53ED60-BF77-4B77-9ABF-A25642FD1515}.Debug|Any CPU.Build.0 = Debug|Any CPU
		{EB53ED60-BF77-4B77-9ABF-A25642FD1515}.Debug|x64.ActiveCfg = Debug|Any CPU
		{EB53ED60-BF77-4B77-9ABF-A25642FD1515}.Debug|x64.Build.0 = Debug|Any CPU
		{EB53ED60-BF77-4B77-9ABF-A25642FD1515}.Debug|x86.ActiveCfg = Debug|Any CPU
		{EB53ED60-BF77-4B77-9ABF-A25642FD1515}.Debug|x86.Build.0 = Debug|Any CPU
		{EB53ED60-BF77-4B77-9ABF-A25642FD1515}.Release|Any CPU.ActiveCfg = Release|Any CPU
		{EB53ED60-BF77-4B77-9ABF-A25642FD1515}.Release|Any CPU.Build.0 = Release|Any CPU
		{EB53ED60-BF77-4B77-9ABF-A25642FD1515}.Release|x64.ActiveCfg = Release|Any CPU
		{EB53ED60-BF77-4B77-9ABF-A25642FD1515}.Release|x64.Build.0 = Release|Any CPU
		{EB53ED60-BF77-4B77-9ABF-A25642FD1515}.Release|x86.ActiveCfg = Release|Any CPU
		{EB53ED60-BF77-4B77-9ABF-A25642FD1515}.Release|x86.Build.0 = Release|Any CPU
		{27672D9F-2DE2-41A0-87BF-D76CC9FF0F93}.Debug|Any CPU.ActiveCfg = Debug|Any CPU
		{27672D9F-2DE2-41A0-87BF-D76CC9FF0F93}.Debug|Any CPU.Build.0 = Debug|Any CPU
		{27672D9F-2DE2-41A0-87BF-D76CC9FF0F93}.Debug|x64.ActiveCfg = Debug|Any CPU
		{27672D9F-2DE2-41A0-87BF-D76CC9FF0F93}.Debug|x64.Build.0 = Debug|Any CPU
		{27672D9F-2DE2-41A0-87BF-D76CC9FF0F93}.Debug|x86.ActiveCfg = Debug|Any CPU
		{27672D9F-2DE2-41A0-87BF-D76CC9FF0F93}.Debug|x86.Build.0 = Debug|Any CPU
		{27672D9F-2DE2-41A0-87BF-D76CC9FF0F93}.Release|Any CPU.ActiveCfg = Release|Any CPU
		{27672D9F-2DE2-41A0-87BF-D76CC9FF0F93}.Release|Any CPU.Build.0 = Release|Any CPU
		{27672D9F-2DE2-41A0-87BF-D76CC9FF0F93}.Release|x64.ActiveCfg = Release|Any CPU
		{27672D9F-2DE2-41A0-87BF-D76CC9FF0F93}.Release|x64.Build.0 = Release|Any CPU
		{27672D9F-2DE2-41A0-87BF-D76CC9FF0F93}.Release|x86.ActiveCfg = Release|Any CPU
		{27672D9F-2DE2-41A0-87BF-D76CC9FF0F93}.Release|x86.Build.0 = Release|Any CPU
		{6F8D0DC4-EAA3-4841-BC41-BED783605879}.Debug|Any CPU.ActiveCfg = Debug|Any CPU
		{6F8D0DC4-EAA3-4841-BC41-BED783605879}.Debug|Any CPU.Build.0 = Debug|Any CPU
		{6F8D0DC4-EAA3-4841-BC41-BED783605879}.Debug|x64.ActiveCfg = Debug|Any CPU
		{6F8D0DC4-EAA3-4841-BC41-BED783605879}.Debug|x64.Build.0 = Debug|Any CPU
		{6F8D0DC4-EAA3-4841-BC41-BED783605879}.Debug|x86.ActiveCfg = Debug|Any CPU
		{6F8D0DC4-EAA3-4841-BC41-BED783605879}.Debug|x86.Build.0 = Debug|Any CPU
		{6F8D0DC4-EAA3-4841-BC41-BED783605879}.Release|Any CPU.ActiveCfg = Release|Any CPU
		{6F8D0DC4-EAA3-4841-BC41-BED783605879}.Release|Any CPU.Build.0 = Release|Any CPU
		{6F8D0DC4-EAA3-4841-BC41-BED783605879}.Release|x64.ActiveCfg = Release|Any CPU
		{6F8D0DC4-EAA3-4841-BC41-BED783605879}.Release|x64.Build.0 = Release|Any CPU
		{6F8D0DC4-EAA3-4841-BC41-BED783605879}.Release|x86.ActiveCfg = Release|Any CPU
		{6F8D0DC4-EAA3-4841-BC41-BED783605879}.Release|x86.Build.0 = Release|Any CPU
		{D9DDEAA6-02ED-486C-A407-95D9BD1BB3A4}.Debug|Any CPU.ActiveCfg = Debug|Any CPU
		{D9DDEAA6-02ED-486C-A407-95D9BD1BB3A4}.Debug|Any CPU.Build.0 = Debug|Any CPU
		{D9DDEAA6-02ED-486C-A407-95D9BD1BB3A4}.Debug|x64.ActiveCfg = Debug|Any CPU
		{D9DDEAA6-02ED-486C-A407-95D9BD1BB3A4}.Debug|x64.Build.0 = Debug|Any CPU
		{D9DDEAA6-02ED-486C-A407-95D9BD1BB3A4}.Debug|x86.ActiveCfg = Debug|Any CPU
		{D9DDEAA6-02ED-486C-A407-95D9BD1BB3A4}.Debug|x86.Build.0 = Debug|Any CPU
		{D9DDEAA6-02ED-486C-A407-95D9BD1BB3A4}.Release|Any CPU.ActiveCfg = Release|Any CPU
		{D9DDEAA6-02ED-486C-A407-95D9BD1BB3A4}.Release|Any CPU.Build.0 = Release|Any CPU
		{D9DDEAA6-02ED-486C-A407-95D9BD1BB3A4}.Release|x64.ActiveCfg = Release|Any CPU
		{D9DDEAA6-02ED-486C-A407-95D9BD1BB3A4}.Release|x64.Build.0 = Release|Any CPU
		{D9DDEAA6-02ED-486C-A407-95D9BD1BB3A4}.Release|x86.ActiveCfg = Release|Any CPU
		{D9DDEAA6-02ED-486C-A407-95D9BD1BB3A4}.Release|x86.Build.0 = Release|Any CPU
	EndGlobalSection
	GlobalSection(SolutionProperties) = preSolution
		HideSolutionNode = FALSE
	EndGlobalSection
	GlobalSection(NestedProjects) = preSolution
		{EB53ED60-BF77-4B77-9ABF-A25642FD1515} = {827E0CD3-B72D-47B6-A68D-7590B98EB39B}
		{27672D9F-2DE2-41A0-87BF-D76CC9FF0F93} = {827E0CD3-B72D-47B6-A68D-7590B98EB39B}
		{6F8D0DC4-EAA3-4841-BC41-BED783605879} = {827E0CD3-B72D-47B6-A68D-7590B98EB39B}
		{D9DDEAA6-02ED-486C-A407-95D9BD1BB3A4} = {827E0CD3-B72D-47B6-A68D-7590B98EB39B}
	EndGlobalSection
EndGlobal
